
Microsoft Visual Studio Solution File, Format Version 12.00
# Visual Studio 15
VisualStudioVersion = 15.0.28307.1622
MinimumVisualStudioVersion = 10.0.40219.1
Project("{8BC9CEB8-8B4A-11D0-8D11-00A0C91BC942}") = "AxioPratice", "AxioPratice\AxioPratice.vcxproj", "{D33B343A-701E-4600-BB0B-E91C7DA6ACF6}"
EndProject
Project("{8BC9CEB8-8B4A-11D0-8D11-00A0C91BC942}") = "TCPClient", "TCPClient\TCPClient.vcxproj", "{6586472D-98C0-4E87-A6B7-13850F8E624E}"
EndProject
Project("{8BC9CEB8-8B4A-11D0-8D11-00A0C91BC942}") = "TCPServer", "TCPServer\TCPServer.vcxproj", "{A9BA5031-5C7B-4DA3-8331-A7D9A1622FB6}"
EndProject
Global
	GlobalSection(SolutionConfigurationPlatforms) = preSolution
		Debug|x64 = Debug|x64
		Debug|x86 = Debug|x86
		Release|x64 = Release|x64
		Release|x86 = Release|x86
	EndGlobalSection
	GlobalSection(ProjectConfigurationPlatforms) = postSolution
		{D33B343A-701E-4600-BB0B-E91C7DA6ACF6}.Debug|x64.ActiveCfg = Debug|x64
		{D33B343A-701E-4600-BB0B-E91C7DA6ACF6}.Debug|x64.Build.0 = Debug|x64
		{D33B343A-701E-4600-BB0B-E91C7DA6ACF6}.Debug|x86.ActiveCfg = Debug|Win32
		{D33B343A-701E-4600-BB0B-E91C7DA6ACF6}.Debug|x86.Build.0 = Debug|Win32
		{D33B343A-701E-4600-BB0B-E91C7DA6ACF6}.Release|x64.ActiveCfg = Release|x64
		{D33B343A-701E-4600-BB0B-E91C7DA6ACF6}.Release|x64.Build.0 = Release|x64
		{D33B343A-701E-4600-BB0B-E91C7DA6ACF6}.Release|x86.ActiveCfg = Release|Win32
		{D33B343A-701E-4600-BB0B-E91C7DA6ACF6}.Release|x86.Build.0 = Release|Win32
		{6586472D-98C0-4E87-A6B7-13850F8E624E}.Debug|x64.ActiveCfg = Debug|x64
		{6586472D-98C0-4E87-A6B7-13850F8E624E}.Debug|x64.Build.0 = Debug|x64
		{6586472D-98C0-4E87-A6B7-13850F8E624E}.Debug|x86.ActiveCfg = Debug|Win32
		{6586472D-98C0-4E87-A6B7-13850F8E624E}.Debug|x86.Build.0 = Debug|Win32
		{6586472D-98C0-4E87-A6B7-13850F8E624E}.Release|x64.ActiveCfg = Release|x64
		{6586472D-98C0-4E87-A6B7-13850F8E624E}.Release|x64.Build.0 = Release|x64
		{6586472D-98C0-4E87-A6B7-13850F8E624E}.Release|x86.ActiveCfg = Release|Win32
		{6586472D-98C0-4E87-A6B7-13850F8E624E}.Release|x86.Build.0 = Release|Win32
		{A9BA5031-5C7B-4DA3-8331-A7D9A1622FB6}.Debug|x64.ActiveCfg = Debug|x64
		{A9BA5031-5C7B-4DA3-8331-A7D9A1622FB6}.Debug|x64.Build.0 = Debug|x64
		{A9BA5031-5C7B-4DA3-8331-A7D9A1622FB6}.Debug|x86.ActiveCfg = Debug|Win32
		{A9BA5031-5C7B-4DA3-8331-A7D9A1622FB6}.Debug|x86.Build.0 = Debug|Win32
		{A9BA5031-5C7B-4DA3-8331-A7D9A1622FB6}.Release|x64.ActiveCfg = Release|x64
		{A9BA5031-5C7B-4DA3-8331-A7D9A1622FB6}.Release|x64.Build.0 = Release|x64
		{A9BA5031-5C7B-4DA3-8331-A7D9A1622FB6}.Release|x86.ActiveCfg = Release|Win32
		{A9BA5031-5C7B-4DA3-8331-A7D9A1622FB6}.Release|x86.Build.0 = Release|Win32
	EndGlobalSection
	GlobalSection(SolutionProperties) = preSolution
		HideSolutionNode = FALSE
	EndGlobalSection
	GlobalSection(ExtensibilityGlobals) = postSolution
		SolutionGuid = {F30D8B86-136B-441B-888D-4A8C5F25B1AE}
	EndGlobalSection
EndGlobal
